
Microsoft Visual Studio Solution File, Format Version 12.00
# Visual Studio Version 16
VisualStudioVersion = 16.0.31005.135
MinimumVisualStudioVersion = 10.0.40219.1
Project("{9A19103F-16F7-4668-BE54-9A1E7A4F7556}") = "MockDevice", "MockDevice\MockDevice.csproj", "{D6698FFB-4AB1-47B2-9771-69AD93873F07}"
EndProject
Project("{9A19103F-16F7-4668-BE54-9A1E7A4F7556}") = "LocalServer", "LocalServer\LocalServer.csproj", "{6E3A580B-66EB-4BCF-988A-88CCF2456202}"
EndProject
Global
	GlobalSection(SolutionConfigurationPlatforms) = preSolution
		Debug|Any CPU = Debug|Any CPU
		Release|Any CPU = Release|Any CPU
	EndGlobalSection
	GlobalSection(ProjectConfigurationPlatforms) = postSolution
		{D6698FFB-4AB1-47B2-9771-69AD93873F07}.Debug|Any CPU.ActiveCfg = Debug|Any CPU
		{D6698FFB-4AB1-47B2-9771-69AD93873F07}.Debug|Any CPU.Build.0 = Debug|Any CPU
		{D6698FFB-4AB1-47B2-9771-69AD93873F07}.Release|Any CPU.ActiveCfg = Release|Any CPU
		{D6698FFB-4AB1-47B2-9771-69AD93873F07}.Release|Any CPU.Build.0 = Release|Any CPU
		{6E3A580B-66EB-4BCF-988A-88CCF2456202}.Debug|Any CPU.ActiveCfg = Debug|Any CPU
		{6E3A580B-66EB-4BCF-988A-88CCF2456202}.Debug|Any CPU.Build.0 = Debug|Any CPU
		{6E3A580B-66EB-4BCF-988A-88CCF2456202}.Release|Any CPU.ActiveCfg = Release|Any CPU
		{6E3A580B-66EB-4BCF-988A-88CCF2456202}.Release|Any CPU.Build.0 = Release|Any CPU
	EndGlobalSection
	GlobalSection(SolutionProperties) = preSolution
		HideSolutionNode = FALSE
	EndGlobalSection
	GlobalSection(ExtensibilityGlobals) = postSolution
		SolutionGuid = {E3385F58-CB08-415B-8D43-71251E8BB53A}
	EndGlobalSection
EndGlobal
